
Microsoft Visual Studio Solution File, Format Version 12.00
# Visual Studio Version 17
VisualStudioVersion = 17.4.33103.184
MinimumVisualStudioVersion = 10.0.40219.1
Project("{FAE04EC0-301F-11D3-BF4B-00C04F79EFBC}") = "Mobile App", "Mobile App.csproj", "{362BFEF1-156D-4182-8E6F-1726986F1F55}"
EndProject
Global
	GlobalSection(SolutionConfigurationPlatforms) = preSolution
		Debug|Any CPU = Debug|Any CPU
		Release|Any CPU = Release|Any CPU
	EndGlobalSection
	GlobalSection(ProjectConfigurationPlatforms) = postSolution
		{362BFEF1-156D-4182-8E6F-1726986F1F55}.Debug|Any CPU.ActiveCfg = Debug|Any CPU
		{362BFEF1-156D-4182-8E6F-1726986F1F55}.Debug|Any CPU.Build.0 = Debug|Any CPU
		{362BFEF1-156D-4182-8E6F-1726986F1F55}.Release|Any CPU.ActiveCfg = Release|Any CPU
		{362BFEF1-156D-4182-8E6F-1726986F1F55}.Release|Any CPU.Build.0 = Release|Any CPU
	EndGlobalSection
	GlobalSection(SolutionProperties) = preSolution
		HideSolutionNode = FALSE
	EndGlobalSection
	GlobalSection(ExtensibilityGlobals) = postSolution
		SolutionGuid = {18B32693-910E-433F-8E6D-5E23BF176AE1}
	EndGlobalSection
EndGlobal
