
Microsoft Visual Studio Solution File, Format Version 12.00
# Visual Studio Version 17
VisualStudioVersion = 17.3.32929.385
MinimumVisualStudioVersion = 10.0.40219.1
Project("{FAE04EC0-301F-11D3-BF4B-00C04F79EFBC}") = "PhpMyAdmin read and visualize", "PhpMyAdmin read and visualize.csproj", "{1B4C633A-D996-4D1D-9370-A8A0012C636F}"
EndProject
Project("{FAE04EC0-301F-11D3-BF4B-00C04F79EFBC}") = "ClassLibrary", "..\ClassLibrary\ClassLibrary.csproj", "{61905B90-937E-458A-AFA8-54CB24D6E16F}"
EndProject
Global
	GlobalSection(SolutionConfigurationPlatforms) = preSolution
		Debug|Any CPU = Debug|Any CPU
		Release|Any CPU = Release|Any CPU
	EndGlobalSection
	GlobalSection(ProjectConfigurationPlatforms) = postSolution
		{1B4C633A-D996-4D1D-9370-A8A0012C636F}.Debug|Any CPU.ActiveCfg = Debug|Any CPU
		{1B4C633A-D996-4D1D-9370-A8A0012C636F}.Debug|Any CPU.Build.0 = Debug|Any CPU
		{1B4C633A-D996-4D1D-9370-A8A0012C636F}.Release|Any CPU.ActiveCfg = Release|Any CPU
		{1B4C633A-D996-4D1D-9370-A8A0012C636F}.Release|Any CPU.Build.0 = Release|Any CPU
		{61905B90-937E-458A-AFA8-54CB24D6E16F}.Debug|Any CPU.ActiveCfg = Debug|Any CPU
		{61905B90-937E-458A-AFA8-54CB24D6E16F}.Debug|Any CPU.Build.0 = Debug|Any CPU
		{61905B90-937E-458A-AFA8-54CB24D6E16F}.Release|Any CPU.ActiveCfg = Release|Any CPU
		{61905B90-937E-458A-AFA8-54CB24D6E16F}.Release|Any CPU.Build.0 = Release|Any CPU
	EndGlobalSection
	GlobalSection(SolutionProperties) = preSolution
		HideSolutionNode = FALSE
	EndGlobalSection
	GlobalSection(ExtensibilityGlobals) = postSolution
		SolutionGuid = {6042071E-460D-4515-9D01-7CB7FB44AC92}
	EndGlobalSection
EndGlobal
